
Microsoft Visual Studio Solution File, Format Version 12.00
# Visual Studio 15
VisualStudioVersion = 15.0.28307.852
MinimumVisualStudioVersion = 10.0.40219.1
Project("{FAE04EC0-301F-11D3-BF4B-00C04F79EFBC}") = "Module_3_1", "Module_3_1\Module_3_1.csproj", "{375228F2-7E6D-42BF-BB60-FCA5B87E3EDE}"
EndProject
Project("{FAE04EC0-301F-11D3-BF4B-00C04F79EFBC}") = "Module_3_2", "Module_3_2\Module_3_2.csproj", "{14E2C7A6-0EF3-44D5-8743-F5B8EFEEFC6B}"
EndProject
Project("{FAE04EC0-301F-11D3-BF4B-00C04F79EFBC}") = "Module_3_3", "Module_3_3\Module_3_3.csproj", "{296C2636-13A9-4224-BC7F-D0E5DE1DB406}"
EndProject
Project("{FAE04EC0-301F-11D3-BF4B-00C04F79EFBC}") = "Module_3_4", "Module_3_4\Module_3_4.csproj", "{05E166E8-E193-474C-A95D-A425469CB863}"
EndProject
Project("{FAE04EC0-301F-11D3-BF4B-00C04F79EFBC}") = "Module_3_5", "Module_3_5\Module_3_5.csproj", "{C442FEDA-63FF-4D52-A7B8-81F8D4B1F9FA}"
EndProject
Project("{FAE04EC0-301F-11D3-BF4B-00C04F79EFBC}") = "Module_3_6", "Module_3_6\Module_3_6.csproj", "{0356C94F-B240-468E-8974-9AE4A50D2D0A}"
EndProject
Project("{FAE04EC0-301F-11D3-BF4B-00C04F79EFBC}") = "Module_3_7", "Module_3_7\Module_3_7.csproj", "{000DBD75-FF93-476F-A262-3128BBCB352E}"
EndProject
Global
	GlobalSection(SolutionConfigurationPlatforms) = preSolution
		Debug|Any CPU = Debug|Any CPU
		Release|Any CPU = Release|Any CPU
	EndGlobalSection
	GlobalSection(ProjectConfigurationPlatforms) = postSolution
		{375228F2-7E6D-42BF-BB60-FCA5B87E3EDE}.Debug|Any CPU.ActiveCfg = Debug|Any CPU
		{375228F2-7E6D-42BF-BB60-FCA5B87E3EDE}.Debug|Any CPU.Build.0 = Debug|Any CPU
		{375228F2-7E6D-42BF-BB60-FCA5B87E3EDE}.Release|Any CPU.ActiveCfg = Release|Any CPU
		{375228F2-7E6D-42BF-BB60-FCA5B87E3EDE}.Release|Any CPU.Build.0 = Release|Any CPU
		{14E2C7A6-0EF3-44D5-8743-F5B8EFEEFC6B}.Debug|Any CPU.ActiveCfg = Debug|Any CPU
		{14E2C7A6-0EF3-44D5-8743-F5B8EFEEFC6B}.Debug|Any CPU.Build.0 = Debug|Any CPU
		{14E2C7A6-0EF3-44D5-8743-F5B8EFEEFC6B}.Release|Any CPU.ActiveCfg = Release|Any CPU
		{14E2C7A6-0EF3-44D5-8743-F5B8EFEEFC6B}.Release|Any CPU.Build.0 = Release|Any CPU
		{296C2636-13A9-4224-BC7F-D0E5DE1DB406}.Debug|Any CPU.ActiveCfg = Debug|Any CPU
		{296C2636-13A9-4224-BC7F-D0E5DE1DB406}.Debug|Any CPU.Build.0 = Debug|Any CPU
		{296C2636-13A9-4224-BC7F-D0E5DE1DB406}.Release|Any CPU.ActiveCfg = Release|Any CPU
		{296C2636-13A9-4224-BC7F-D0E5DE1DB406}.Release|Any CPU.Build.0 = Release|Any CPU
		{05E166E8-E193-474C-A95D-A425469CB863}.Debug|Any CPU.ActiveCfg = Debug|Any CPU
		{05E166E8-E193-474C-A95D-A425469CB863}.Debug|Any CPU.Build.0 = Debug|Any CPU
		{05E166E8-E193-474C-A95D-A425469CB863}.Release|Any CPU.ActiveCfg = Release|Any CPU
		{05E166E8-E193-474C-A95D-A425469CB863}.Release|Any CPU.Build.0 = Release|Any CPU
		{C442FEDA-63FF-4D52-A7B8-81F8D4B1F9FA}.Debug|Any CPU.ActiveCfg = Debug|Any CPU
		{C442FEDA-63FF-4D52-A7B8-81F8D4B1F9FA}.Debug|Any CPU.Build.0 = Debug|Any CPU
		{C442FEDA-63FF-4D52-A7B8-81F8D4B1F9FA}.Release|Any CPU.ActiveCfg = Release|Any CPU
		{C442FEDA-63FF-4D52-A7B8-81F8D4B1F9FA}.Release|Any CPU.Build.0 = Release|Any CPU
		{0356C94F-B240-468E-8974-9AE4A50D2D0A}.Debug|Any CPU.ActiveCfg = Debug|Any CPU
		{0356C94F-B240-468E-8974-9AE4A50D2D0A}.Debug|Any CPU.Build.0 = Debug|Any CPU
		{0356C94F-B240-468E-8974-9AE4A50D2D0A}.Release|Any CPU.ActiveCfg = Release|Any CPU
		{0356C94F-B240-468E-8974-9AE4A50D2D0A}.Release|Any CPU.Build.0 = Release|Any CPU
		{000DBD75-FF93-476F-A262-3128BBCB352E}.Debug|Any CPU.ActiveCfg = Debug|Any CPU
		{000DBD75-FF93-476F-A262-3128BBCB352E}.Debug|Any CPU.Build.0 = Debug|Any CPU
		{000DBD75-FF93-476F-A262-3128BBCB352E}.Release|Any CPU.ActiveCfg = Release|Any CPU
		{000DBD75-FF93-476F-A262-3128BBCB352E}.Release|Any CPU.Build.0 = Release|Any CPU
	EndGlobalSection
	GlobalSection(SolutionProperties) = preSolution
		HideSolutionNode = FALSE
	EndGlobalSection
	GlobalSection(ExtensibilityGlobals) = postSolution
		SolutionGuid = {F829C3AC-5C1E-4951-AF95-DC013C49627A}
	EndGlobalSection
EndGlobal
