
Microsoft Visual Studio Solution File, Format Version 12.00
# Visual Studio 14
VisualStudioVersion = 14.0.25420.1
MinimumVisualStudioVersion = 10.0.40219.1
Project("{FAE04EC0-301F-11D3-BF4B-00C04F79EFBC}") = "Module_4", "Module_4\Module_4.csproj", "{D4193874-3E93-4AF8-A42B-817A2CC153A3}"
EndProject
Project("{FAE04EC0-301F-11D3-BF4B-00C04F79EFBC}") = "Module_4_2", "Module_4_2\Module_4_2.csproj", "{E7541111-2244-44B2-BD58-1770B1E0EBAE}"
EndProject
Project("{FAE04EC0-301F-11D3-BF4B-00C04F79EFBC}") = "Module_4_3", "Module_4_3\Module_4_3.csproj", "{93726F52-B8DF-4039-A1FC-AFB454CBF16F}"
EndProject
Project("{FAE04EC0-301F-11D3-BF4B-00C04F79EFBC}") = "Module_4_4", "Module_4_4\Module_4_4.csproj", "{2DD2E9CB-9F56-44E5-A9D9-90970589940C}"
EndProject
Project("{FAE04EC0-301F-11D3-BF4B-00C04F79EFBC}") = "Module_4_5", "Module_4_5\Module_4_5.csproj", "{98FD29EB-C472-4C52-A49F-FC3F0362D265}"
EndProject
Project("{FAE04EC0-301F-11D3-BF4B-00C04F79EFBC}") = "Module_4_6", "Module_4_6\Module_4_6.csproj", "{B7A24F03-F7BC-4EF6-84DB-306378FC9E5C}"
EndProject
Project("{FAE04EC0-301F-11D3-BF4B-00C04F79EFBC}") = "Module_4_7", "Module_4_7\Module_4_7.csproj", "{980B26A2-D4FE-416B-AFF8-AC4FABD3B9B5}"
EndProject
Project("{FAE04EC0-301F-11D3-BF4B-00C04F79EFBC}") = "Module_4_8", "Module_4_8\Module_4_8.csproj", "{0A6BCEB6-0C81-489E-8628-BAFB61BB77F8}"
EndProject
Global
	GlobalSection(SolutionConfigurationPlatforms) = preSolution
		Debug|Any CPU = Debug|Any CPU
		Release|Any CPU = Release|Any CPU
	EndGlobalSection
	GlobalSection(ProjectConfigurationPlatforms) = postSolution
		{D4193874-3E93-4AF8-A42B-817A2CC153A3}.Debug|Any CPU.ActiveCfg = Debug|Any CPU
		{D4193874-3E93-4AF8-A42B-817A2CC153A3}.Debug|Any CPU.Build.0 = Debug|Any CPU
		{D4193874-3E93-4AF8-A42B-817A2CC153A3}.Release|Any CPU.ActiveCfg = Release|Any CPU
		{D4193874-3E93-4AF8-A42B-817A2CC153A3}.Release|Any CPU.Build.0 = Release|Any CPU
		{E7541111-2244-44B2-BD58-1770B1E0EBAE}.Debug|Any CPU.ActiveCfg = Debug|Any CPU
		{E7541111-2244-44B2-BD58-1770B1E0EBAE}.Debug|Any CPU.Build.0 = Debug|Any CPU
		{E7541111-2244-44B2-BD58-1770B1E0EBAE}.Release|Any CPU.ActiveCfg = Release|Any CPU
		{E7541111-2244-44B2-BD58-1770B1E0EBAE}.Release|Any CPU.Build.0 = Release|Any CPU
		{93726F52-B8DF-4039-A1FC-AFB454CBF16F}.Debug|Any CPU.ActiveCfg = Debug|Any CPU
		{93726F52-B8DF-4039-A1FC-AFB454CBF16F}.Debug|Any CPU.Build.0 = Debug|Any CPU
		{93726F52-B8DF-4039-A1FC-AFB454CBF16F}.Release|Any CPU.ActiveCfg = Release|Any CPU
		{93726F52-B8DF-4039-A1FC-AFB454CBF16F}.Release|Any CPU.Build.0 = Release|Any CPU
		{2DD2E9CB-9F56-44E5-A9D9-90970589940C}.Debug|Any CPU.ActiveCfg = Debug|Any CPU
		{2DD2E9CB-9F56-44E5-A9D9-90970589940C}.Debug|Any CPU.Build.0 = Debug|Any CPU
		{2DD2E9CB-9F56-44E5-A9D9-90970589940C}.Release|Any CPU.ActiveCfg = Release|Any CPU
		{2DD2E9CB-9F56-44E5-A9D9-90970589940C}.Release|Any CPU.Build.0 = Release|Any CPU
		{98FD29EB-C472-4C52-A49F-FC3F0362D265}.Debug|Any CPU.ActiveCfg = Debug|Any CPU
		{98FD29EB-C472-4C52-A49F-FC3F0362D265}.Debug|Any CPU.Build.0 = Debug|Any CPU
		{98FD29EB-C472-4C52-A49F-FC3F0362D265}.Release|Any CPU.ActiveCfg = Release|Any CPU
		{98FD29EB-C472-4C52-A49F-FC3F0362D265}.Release|Any CPU.Build.0 = Release|Any CPU
		{B7A24F03-F7BC-4EF6-84DB-306378FC9E5C}.Debug|Any CPU.ActiveCfg = Debug|Any CPU
		{B7A24F03-F7BC-4EF6-84DB-306378FC9E5C}.Debug|Any CPU.Build.0 = Debug|Any CPU
		{B7A24F03-F7BC-4EF6-84DB-306378FC9E5C}.Release|Any CPU.ActiveCfg = Release|Any CPU
		{B7A24F03-F7BC-4EF6-84DB-306378FC9E5C}.Release|Any CPU.Build.0 = Release|Any CPU
		{980B26A2-D4FE-416B-AFF8-AC4FABD3B9B5}.Debug|Any CPU.ActiveCfg = Debug|Any CPU
		{980B26A2-D4FE-416B-AFF8-AC4FABD3B9B5}.Debug|Any CPU.Build.0 = Debug|Any CPU
		{980B26A2-D4FE-416B-AFF8-AC4FABD3B9B5}.Release|Any CPU.ActiveCfg = Release|Any CPU
		{980B26A2-D4FE-416B-AFF8-AC4FABD3B9B5}.Release|Any CPU.Build.0 = Release|Any CPU
		{0A6BCEB6-0C81-489E-8628-BAFB61BB77F8}.Debug|Any CPU.ActiveCfg = Debug|Any CPU
		{0A6BCEB6-0C81-489E-8628-BAFB61BB77F8}.Debug|Any CPU.Build.0 = Debug|Any CPU
		{0A6BCEB6-0C81-489E-8628-BAFB61BB77F8}.Release|Any CPU.ActiveCfg = Release|Any CPU
		{0A6BCEB6-0C81-489E-8628-BAFB61BB77F8}.Release|Any CPU.Build.0 = Release|Any CPU
	EndGlobalSection
	GlobalSection(SolutionProperties) = preSolution
		HideSolutionNode = FALSE
	EndGlobalSection
EndGlobal
